-- Claims ledger: one verdict per declaration, written only by
-- scripts/claims.py after a blinded docstring-vs-statement review
-- (design: overload-paper/source/claims-review-design.md). The claims
-- gate in `lake test` compares the hashes below against the manifest;
-- editing a statement, a docstring, or a direct dependency's docstring
-- invalidates the row. In `failing` mode a missing or stale row fails
-- the build; `advisory` prints findings only (pre-bootstrap).
mode: advisory

Overload.Accounting | b234f3fe5ad0f103 | 55cd93c23e5b7a91 | 89133354f2041b41 | supported | 2026-07-30
Overload.Accounting.goodput_le | 466747d9e5bc86f7 | c708010dd13c264a | daa2ead764e1a87 | supported | 2026-07-30
Overload.Accounting.goodput_le_of_waste | 415d900a37dbe347 | 3149fc95d56e1a53 | 43d3ba1542d626e6 | supported | 2026-07-30
Overload.Accounting.useful_le | dccce2000416c189 | 718b3621c792abbc | 43d3ba1542d626e6 | supported | 2026-07-30
Overload.BistableBand | 210537bcee32896a | 97e87670ae904d38 | 89133354f2041b41 | supported | 2026-07-30
Overload.BoundedLoop | b234f3fe5ad0f103 | 19e1d8226e8c0d4 | 89133354f2041b41 | supported | 2026-07-30
Overload.BoundedLoop.CongestedEq | f7840d2e93c45126 | 9313a8200f06a17f | 21dafc3c090e4270 | supported | 2026-07-30
Overload.BoundedLoop.CongestedEq.mono | 2fd02e8b392c2ba6 | 22b0109c45d45f1d | 19fb346ffb2e1ffb | supported | 2026-07-30
Overload.BoundedLoop.F | 9d449895903bb81c | c9707b3a9948c198 | e9e164c4fabecd2b | supported | 2026-07-30
Overload.BoundedLoop.clamp_fluid_strictAnti | 8053a3994cd7e6d6 | b5d8acaf55e1f782 | 21dafc3c090e4270 | supported | 2026-07-30
Overload.BoundedLoop.constLoop | ac0a9d7829589c8d | e009798ed0b19074 | eaa56ec8a140e3c4 | supported | 2026-07-30
Overload.BoundedLoop.hasDerivAt_F | 46b54ca464dcfb3 | 508f891a9a348dad | 21dafc3c090e4270 | supported | 2026-07-30
Overload.BoundedLoop.signature | 993f70bb3f3b8e10 | c69e5395c741a9b2 | e9e164c4fabecd2b | supported | 2026-07-30
Overload.BoundedLoop.withKernel | 691b2c2a7596ea7b | ee1bb175c0b446d9 | e9e164c4fabecd2b | supported | 2026-07-30
Overload.BoundedLoop.withKernel_Amax | 19239c9cccea0479 | e087d8d91aab5e12 | eaa56ec8a140e3c4 | supported | 2026-07-30
Overload.BoundedLoop.withKernel_F | 78fa7ac09de9abc5 | bdd71e1b0f5a7acd | 55129435dfc0d1f1 | supported | 2026-07-30
Overload.BoundedLoop.withKernel_h | 4dcff74dd31ecd9e | df1c16336cc5ceb1 | eaa56ec8a140e3c4 | supported | 2026-07-30
Overload.BoundedLoop.withKernel_lam | 45a09dfbb79120d8 | 611194e078fe7619 | eaa56ec8a140e3c4 | supported | 2026-07-30
Overload.Certificate | 86c2dca6723cf2a6 | ee47347cc583d0a9 | 89133354f2041b41 | supported | 2026-07-30
Overload.ClosedLoop | b234f3fe5ad0f103 | f366c0426da4e8ec | e9e164c4fabecd2b | supported | 2026-07-30
Overload.ClosedLoop.F_monotoneOn | 6fb97b26b197a7c6 | 49200a5af4a18f09 | d55000d0d3b23de8 | supported | 2026-07-30
Overload.ClosedLoop.F_nonneg | ffe5f729f091a145 | e7520cb6bd2e38a7 | d55000d0d3b23de8 | supported | 2026-07-30
Overload.ClosedLoop.NoSustaining | 886f38d980b8bd27 | 1e82b744a37764a | 723db0a90d34ab21 | supported | 2026-07-30
Overload.ClosedLoop.lam_le_F | 3debccb27e2cdd90 | 8db5c067faa4fbe9 | d55000d0d3b23de8 | supported | 2026-07-30
Overload.ClosedLoop.one_le_Amax | 9dc91a02ca52ff91 | 8ee2f80437e7c06d | 723db0a90d34ab21 | supported | 2026-07-30
Overload.ClosedLoop.withKernel | 96faba24e9a672bd | 7a62d8a99d74cdfe | d4264e7dc888198b | supported | 2026-07-30
Overload.ClosedLoop.withLam | 4262b41596c9eb09 | ed16a310642fa6c9 | 723db0a90d34ab21 | supported | 2026-07-30
Overload.CongestedOnly | 823253cd053fba71 | d703a8e761b752c3 | 89133354f2041b41 | supported | 2026-07-30
Overload.Discipline | 3ee9cde81db8b1c8 | bb2e1b63b1c0b7c6 | 89133354f2041b41 | supported | 2026-07-30
Overload.Discipline.sum_alloc_le | 8e229e7d91776f9c | 5364f643570870b8 | 87e403e5635d953a | supported | 2026-07-30
Overload.FactorsThrough | 72aaefa3681f7f9c | 6141b0d986138693 | 89133354f2041b41 | supported | 2026-07-30
Overload.HealthyOnly | 210537bcee32896a | 1f35080be8072ea3 | 89133354f2041b41 | supported | 2026-07-30
Overload.Layer | b234f3fe5ad0f103 | 264fc86782dcf29c | 89133354f2041b41 | supported | 2026-07-30
Overload.Layer.amp | d576e7b143c66108 | cfd5c7ee53f9aab0 | 72db2490cf6521b6 | supported | 2026-07-30
Overload.SamplePath | b234f3fe5ad0f103 | b97e81f1d702151b | 89133354f2041b41 | supported | 2026-07-30
Overload.SamplePath.W | d77a83ed6614d17b | 50ef341d7012d6a2 | b4db8cd6ec957897 | supported | 2026-07-30
Overload.SamplePath.W_nonneg | 502baaf96a3b911c | d488c4eda759de00 | 66b927b6a01219cd | supported | 2026-07-30
Overload.SamplePath.a_lt_of_lt_arrivals | cf47fba3f8da42dd | a37f6c8981239b67 | fa055d88195ea006 | supported | 2026-07-30
Overload.SamplePath.area | f388ff9bb4dadff1 | ad9e0d52919777c2 | f863df6dd686516c | supported | 2026-07-30
Overload.SamplePath.arrivals | d0b28b941329bc3c | a0bec03adbc08821 | b4db8cd6ec957897 | supported | 2026-07-30
Overload.SamplePath.le_a_of_arrivals_le | 877cc0b4daf02be5 | b75add6bbd107af | fa055d88195ea006 | supported | 2026-07-30
Overload.SamplePath.sojournSum | d77a83ed6614d17b | b05d44f578d590de | 66b927b6a01219cd | supported | 2026-07-30
Overload.SamplePath.tendsto_a_atTop | d30b0d91e90fcac3 | 190bf72af712617d | b4db8cd6ec957897 | supported | 2026-07-30
Overload.SamplePath.timeIn | 739c1f69d5c315e5 | 38696ac5216171f7 | b4db8cd6ec957897 | supported | 2026-07-30
Overload.SamplePath.timeIn_eq_W_of_d_le | 3fe4f1e443ccb857 | 511c6b6c203da9fa | a246a1441c6cc490 | supported | 2026-07-30
Overload.SamplePath.timeIn_eq_zero_of_le_a | 7c77bf6fecc95749 | b84c71118a43d0ca | ee5d9fec5e03c517 | supported | 2026-07-30
Overload.SamplePath.timeIn_le_W | f7276b7823be89a5 | 28834d356912381d | a246a1441c6cc490 | supported | 2026-07-30
Overload.SamplePath.timeIn_nonneg | 5d839c585aaaf0f2 | bbc32d1d208ff16 | ee5d9fec5e03c517 | supported | 2026-07-30
Overload.SamplePath.valueArea | a9481c275673dbad | cb13ef378f926f21 | f863df6dd686516c | supported | 2026-07-30
Overload.SamplePath.valueSum | 113d3f6686d15f09 | d3cd42bc82ad4755 | 66b927b6a01219cd | supported | 2026-07-30
Overload.Star.Contract | 1b7dac227908590a | 38c6f93417b4ab83 | 14cce5e4607e1674 | supported | 2026-07-30
Overload.Star.F | 12ec301451741cfb | 453e380381b68f84 | 15c407887c76c6a2 | supported | 2026-07-30
Overload.Star.aggResponse | 12ec301451741cfb | e9f663011dbe2d27 | 14cce5e4607e1674 | supported | 2026-07-30
Overload.Star.aggResponse_le | 4b799d0c97691808 | 14db76377f0badde | 7ba8989dd1aaa2d5 | supported | 2026-07-30
Overload.Star.gain | c8995bfdc38f41e3 | 74a33856f2b56c2f | 14cce5e4607e1674 | supported | 2026-07-30
Overload.Star.gainMatrix | 5d402f16b75a2a9b | 7322523fdfef137e | 14cce5e4607e1674 | supported | 2026-07-30
Overload.Star.signature | 313f091c22d3d86d | 71a6567f63750113 | 14cce5e4607e1674 | supported | 2026-07-30
Overload.Star.toLoop | 143dd0eee7f856dc | 9d5e0a9d9c5ec20c | 579be8c99a85f5e1 | supported | 2026-07-30
Overload.admission_bound | 27e43621b545f3 | 7ff6eb10b33da380 | 89133354f2041b41 | supported | 2026-07-30
Overload.admission_needs_clamp | ce20ffc891311ae9 | a0bf593c19c955c3 | 89133354f2041b41 | supported | 2026-07-30
Overload.affine | 8d4a410e5855fe52 | 2c6862ccc9d92f33 | 89133354f2041b41 | supported | 2026-07-30
Overload.alloc | 3146ba8e462119c2 | 7386053c7de7733f | 5843043ddc3d3c33 | supported | 2026-07-30
Overload.attemptRate | f14a9a2a6a8f4ffc | fce1143cbf1052f9 | bdf56b5cad23f560 | supported | 2026-07-30
Overload.attemptWeight | e43781a682d50d3d | 9ca56806b2a42ed8 | 89133354f2041b41 | supported | 2026-07-30
Overload.attemptWeight_at_cap | 89cd3c99dc43764b | c09b2bfac34fdde2 | fb535dddfd36ffbe | supported | 2026-07-30
Overload.attemptWeight_nonneg | 926c62b14c862e53 | 96bf5062ee1920ce | fb535dddfd36ffbe | supported | 2026-07-30
Overload.attemptWeight_of_cap_lt | 16519a03830125d7 | 8bbb52c73c6827eb | fb535dddfd36ffbe | supported | 2026-07-30
Overload.attemptWeight_of_lt | 61026044015a1041 | c457d9a43c915c2a | fb535dddfd36ffbe | supported | 2026-07-30
Overload.binding_shift | 230003f53fd62641 | cf825ed72d9b37e0 | 89133354f2041b41 | supported | 2026-07-30
Overload.binding_shift_at_amp_five | d075d015398badc0 | e7983e4c21a18b51 | 18e2cdaa90166ba | supported | 2026-07-30
Overload.bistableBand_iff_edges | 936bf7b0636458ab | e2a6521bb5700406 | 2cf13d621b5ff952 | supported | 2026-07-30
Overload.bistableBand_iff_rho | 76ef5dfabb9a829c | 415921ebd38bf666 | 2cf13d621b5ff952 | supported | 2026-07-30
Overload.bistableBand_scale | be5eeb60320b038a | 3cf0383430ffe1c2 | 2cf13d621b5ff952 | supported | 2026-07-30
Overload.bistable_not_congestedOnly | 88b3955b115e869 | cfa9af2ddd1839a2 | 695bb4f4c8e4e5d | supported | 2026-07-30
Overload.borgAcct | 723589a9424a7a81 | 7fcb78aff06f328e | 43d3ba1542d626e6 | supported | 2026-07-30
Overload.borgDemand | ec9f9acda533a400 | ff429f38c2a3b84c | 89133354f2041b41 | supported | 2026-07-30
Overload.borg_batch_residual | d89b61505658605 | 50b75aa5dbdd22b3 | 4a641f5e52bb2ce4 | supported | 2026-07-30
Overload.borg_quota_bound | f524e756861956ab | 2407ea8332f9e40b | f749cee04b7413d4 | supported | 2026-07-30
Overload.bottom_binds_at_amp_one | 1e8f989b2a03974a | 68985f60c5a8fdc3 | 89133354f2041b41 | supported | 2026-07-30
Overload.branching_wald | ab09329aa43062a2 | b7d6d5512a3d8fb7 | 124ec8e0a6ba58a9 | supported | 2026-07-30
Overload.branching_wald_single | a1558ccfeaacb98d | 637e99216f20f79c | f8778ff8bc1e1bd6 | supported | 2026-07-30
Overload.breakerResponse | d626ce4e4fdb5fc9 | dfe02b334ab2f934 | 89133354f2041b41 | supported | 2026-07-30
Overload.breakerResponse_le | c72ffdadc1a2f9d9 | b8b359f18865810 | 911abd17a9a216f1 | supported | 2026-07-30
Overload.budget_floor | 4ff926942d933c9d | 2c33d5334c85d895 | 750ef160c0db4438 | supported | 2026-07-30
Overload.capProd | e0531c85ea478e77 | 756052602d09024d | 89133354f2041b41 | supported | 2026-07-30
Overload.capProd_cons | 2f561d19335e6cd | 2ae970a67e921e6d | 33e348dbf8408f64 | supported | 2026-07-30
Overload.capProd_nil | 93dd3592e2c8c387 | 8d63e07fa8537e02 | 33e348dbf8408f64 | supported | 2026-07-30
Overload.certificate_of_row_sums | 66080aedb9933665 | 18ef826cf534a893 | eee41a575384cd1 | supported | 2026-07-30
Overload.certificate_of_two | e4b99874b3437c25 | 5fedd2cb811b6a98 | eee41a575384cd1 | supported | 2026-07-30
Overload.composeFail | 3a1151d34063c95c | 3b21a21f0050f36 | 89133354f2041b41 | supported | 2026-07-30
Overload.composeFail_antitone_cap | e9927042c555b5c7 | d14c1fa82b4eadd1 | 69bdfa51c7310a24 | supported | 2026-07-30
Overload.composeFail_mem_Icc | 9faa8ddec8b92297 | 897459b3f2ffee9b | 69bdfa51c7310a24 | supported | 2026-07-30
Overload.composeFail_mono_down | c97e9d721335e28e | 2e41fcd7b0d7be22 | 69bdfa51c7310a24 | supported | 2026-07-30
Overload.congestedOnly_iff_rho | 321621f3b2c28ee8 | 7605d994bbc12230 | 5c417e7e780c3163 | supported | 2026-07-30
Overload.congestedOnly_scale | 9f87b8fe70711d18 | 4208b336eb074a04 | 5c417e7e780c3163 | supported | 2026-07-30
Overload.count_comp_div_tendsto | 95b6abbdb1ea22d6 | 6bcbf8df1e99b76a | 89133354f2041b41 | supported | 2026-07-30
Overload.count_div_tendsto | 64a9cb2111c8079d | e47585e1335ab48a | 67278902b733df65 | supported | 2026-07-30
Overload.count_tendsto_atTop | ff121dfb34bcacc3 | 757e59cf0c4948f9 | 89133354f2041b41 | supported | 2026-07-30
Overload.coupledW | 877803c66da3a4b | 5ae1c28f8405dda3 | 89133354f2041b41 | supported | 2026-07-30
Overload.coupledX | d9d2d62c17f4be84 | e24f30e8cf8593cb | 89133354f2041b41 | supported | 2026-07-30
Overload.coupled_weight_breaks_wald | 513eaa55905b20fa | 77f0149575954c99 | 635230fca0ce6522 | supported | 2026-07-30
Overload.cutFlow | f90af903f4fae8ab | d1c3374e834577ee | 89133354f2041b41 | supported | 2026-07-30
Overload.docBlameThmEnabled | 63015b71e0f57f2f | a9c6c9f9277cc3a4 | 89133354f2041b41 | supported | 2026-07-30
Overload.doomedAmp | dd84600a816d8ba5 | 46e95837c8d8ebea | 89133354f2041b41 | supported | 2026-07-30
Overload.doomed_worsens | f4a87c3d8ccf3443 | 4a29a517d9991d86 | a229f281a657d38d | supported | 2026-07-30
Overload.eligibleResponse | 73358d68f0cf8e65 | 473956f55e3653e6 | bdf56b5cad23f560 | supported | 2026-07-30
Overload.erlangB | ec9f9acda533a400 | 34b4da516b91dab9 | 89133354f2041b41 | supported | 2026-07-30
Overload.erlangB_succ | 31c27328e189d104 | 5beeff81d2e1e11 | 41babebea1b35da0 | supported | 2026-07-30
Overload.erlangB_zero | 55fd256356aae2e5 | ccda21c6ecc5d090 | 41babebea1b35da0 | supported | 2026-07-30
Overload.erlangKernel | 73358d68f0cf8e65 | c27d69a4c17c062c | 41babebea1b35da0 | supported | 2026-07-30
Overload.expAttempts | ec9f9acda533a400 | 93d20df27d3f0f99 | 89133354f2041b41 | supported | 2026-07-30
Overload.expAttemptsDeriv | ec9f9acda533a400 | 4f9d2165bcb20751 | 89133354f2041b41 | supported | 2026-07-30
Overload.expAttempts_def | 4d54283c3f78cffe | 18dd879b57fa570 | bdf56b5cad23f560 | supported | 2026-07-30
Overload.expAttempts_half_three_eq | 1473b458fc8713aa | fb72b2b97ab57398 | bdf56b5cad23f560 | supported | 2026-07-30
Overload.expAttempts_le_cap | dcdbac0f56bb1473 | e2310d05c08bdad1 | bdf56b5cad23f560 | supported | 2026-07-30
Overload.expAttempts_le_geom_bound | 9b0b1881c638a6b4 | 4f33479a8229f46e | bdf56b5cad23f560 | supported | 2026-07-30
Overload.expAttempts_le_one_add_mul | 710135b0c2e7db83 | 10ccf2c2201798c5 | bdf56b5cad23f560 | supported | 2026-07-30
Overload.expAttempts_mono_left | ead4969f82cefe56 | aaf0187802a317d6 | bdf56b5cad23f560 | supported | 2026-07-30
Overload.expAttempts_mono_right | 24572262b2dd4099 | af3eff4ad048bdf7 | bdf56b5cad23f560 | supported | 2026-07-30
Overload.expAttempts_nonneg | 9328774cc14e35b8 | edb40249de0c69fc | bdf56b5cad23f560 | supported | 2026-07-30
Overload.expAttempts_succ | 9313c615a2a54685 | 59ae17ec9d30a3c1 | bdf56b5cad23f560 | supported | 2026-07-30
Overload.expCostOf | dcc0f6a41a701ec8 | 954b12bf0751d6e9 | 89133354f2041b41 | supported | 2026-07-30
Overload.expOf | bb3bda613c40b860 | 8cef9dc5dff7b1be | 89133354f2041b41 | supported | 2026-07-30
Overload.exp_neg_le_inv_one_add | 77f5ae8eb38fe08a | 1d1f6f10d28d1a92 | 89133354f2041b41 | supported | 2026-07-30
Overload.extendDemand | e87215db5bf453dc | 4f9957ae88cbb0ec | 89133354f2041b41 | supported | 2026-07-30
Overload.extendDemand_nonneg | 845d2f7aba48d5ea | 81345b07295317ca | 2fe40087617724f6 | supported | 2026-07-30
Overload.fifoSojourn | bd4ab2bf05974ad0 | a9ddcb5c44aa7de8 | 89133354f2041b41 | supported | 2026-07-30
Overload.fifo_head_expired | 6041c8fdd5570523 | 67c90afd980898a4 | 41db117c917a9d4a | supported | 2026-07-30
Overload.fitsIn | 6ab30ae3ab1d3fe0 | 781d70b74cd0cec1 | b7bdbd1a707fd126 | supported | 2026-07-30
Overload.fixedPt_unique_of_gain_lt_one | 210702afc0e51636 | d6e9df5df0f21f07 | 89133354f2041b41 | supported | 2026-07-30
Overload.fluid_decay_of_deriv_le | c97054cc5a66c81f | 6291f75a47b9872c | 9efd99eccc9703bc | supported | 2026-07-30
Overload.fluid_decay_of_gain_le | 163f54af580f1c4f | 9465cb239699bacb | 89133354f2041b41 | supported | 2026-07-30
Overload.fluid_drain_clears | e6bfc1dcbc72459f | 26950eab6aa1d5be | c7f86eb771c683b3 | supported | 2026-07-30
Overload.fluid_drain_le | e0c8b3e8430414df | 3229f70d5c978b62 | 89133354f2041b41 | supported | 2026-07-30
Overload.gain_gt_one_repels | ce3019b8217436d9 | 1969002afc78ef72 | 89133354f2041b41 | supported | 2026-07-30
Overload.gain_gt_one_repels_pin | 453d71d3f834d393 | cf7f5128b9151e1e | 2587972a7fae1434 | supported | 2026-07-30
Overload.global_balance_iff_cutFlow_succ | fe0bb6cd8c4d0c7d | efd20abe7bf65cad | 8ad019d26d52df8d | supported | 2026-07-30
Overload.goodput | f14a9a2a6a8f4ffc | 5872420505da18a6 | 89133354f2041b41 | supported | 2026-07-30
Overload.goodput_at_zero | 9adf2e6d38e83981 | e9256e45dde91b69 | e86549764818918c | supported | 2026-07-30
Overload.hasDerivAt_expAttempts | de6b0684835e13c | b621eaf638b1bd0d | 9f472b3183a3d4af | supported | 2026-07-30
Overload.hasSum_stationaryWeight | 9216f5c3b137e2a4 | 725978f8cad87ba1 | 1ae6f9ae7774d497 | supported | 2026-07-30
Overload.healthyOnly_iff_rho | 171b60e07e3b2926 | ad3fe0d28b675b84 | 258b47dcbc5fb0a8 | supported | 2026-07-30
Overload.healthyOnly_not_bistable | be2ee5042224d2df | 9383bcddfc02dc1e | da6864629e81f5c2 | supported | 2026-07-30
Overload.healthyOnly_not_congestedOnly | 972e43cb4da5b271 | bdcbeac3fdb20822 | 9267670f38cade50 | supported | 2026-07-30
Overload.healthyOnly_scale | b5c134da33976b01 | 8772f8ffe56c7b83 | 258b47dcbc5fb0a8 | supported | 2026-07-30
Overload.hop_amplification_bound | 1928454a3c68c939 | e1603c683ecef09e | 89133354f2041b41 | supported | 2026-07-30
Overload.hop_binds_at_amp_five | d5c2f3948654e7ee | 3f75bd6c9bc47a46 | 89133354f2041b41 | supported | 2026-07-30
Overload.instrument_blind | 588b7e2bb4791ba4 | 551b75c46b142190 | 3d74d6efd5a3ae07 | supported | 2026-07-30
Overload.intent_factorsThrough_refined | 828561aae650f2fb | 21d19f0ad093cf84 | c82e634836036a6a | supported | 2026-07-30
Overload.intent_refines | 2fed8a787886c101 | ff8536077d7a2e76 | f7eaf38948c9ebff | supported | 2026-07-30
Overload.inversion_threshold | 89ea493114ca90ba | 4574678a15a5c53f | 89133354f2041b41 | supported | 2026-07-30
Overload.inversion_threshold_pin | cd3f798572e3ea16 | c96de7efe9e415b2 | 8736e715e73a7e47 | supported | 2026-07-30
Overload.invokeFail | 8f13e4522786ee39 | 1fdffba74f9d4e3a | 69bdfa51c7310a24 | supported | 2026-07-30
Overload.iterate_le_of_le_fixedPt | 37dec838c542a2f3 | 5082f1f122256b58 | 89133354f2041b41 | supported | 2026-07-30
Overload.le_iterate_of_fixedPt_le | 128819ae770a7d | ed46bc7886e66f2f | 89133354f2041b41 | supported | 2026-07-30
Overload.le_iterate_of_postfixed | a9b2237f95a9b243 | e363def13e1ff26e | 89133354f2041b41 | supported | 2026-07-30
Overload.lifoSojourn | 17445e7e9bee2ad2 | ae70c964de2d6526 | 89133354f2041b41 | supported | 2026-07-30
Overload.lifo_fresh | c0b428e9a63c70e9 | 5cdc837c3055e0ee | e58a86638a0052c9 | supported | 2026-07-30
Overload.mapsTo_Icc_of_postfixed | d6175d2431649fd5 | 33903346f0c774a | 89133354f2041b41 | supported | 2026-07-30
Overload.mapsTo_Icc_of_prefixed | 95bd173e2e77eda | b749a854b8456f73 | 89133354f2041b41 | supported | 2026-07-30
Overload.meanQueue | 82877448299367d7 | b599359433af63c6 | 1ae6f9ae7774d497 | supported | 2026-07-30
Overload.meanQueueWaiting | 82877448299367d7 | a9b842d01a43f578 | 1ae6f9ae7774d497 | supported | 2026-07-30
Overload.mm1Kernel | dd84600a816d8ba5 | 3148ea7f6467664d | 89133354f2041b41 | supported | 2026-07-30
Overload.mm1Kernel_mem | f7c60705fd99cd4 | 73c595a7a531b4f7 | 8f9ea60cab0d7a95 | supported | 2026-07-30
Overload.mm1Kernel_monoOn | ec6f2613563f01a2 | 5a3df7af06dcaa5 | 8f9ea60cab0d7a95 | supported | 2026-07-30
Overload.mm1Kernel_of_ge | abdea07e7d88507e | 4627af4e1731d853 | 8f9ea60cab0d7a95 | supported | 2026-07-30
Overload.mm1Kernel_of_lt | b608a282789ae977 | d24eca4341602427 | 8f9ea60cab0d7a95 | supported | 2026-07-30
Overload.mm1Kernel_zero_tau | 335934bfc2542adc | d7edc2b1729f3de6 | 8f9ea60cab0d7a95 | supported | 2026-07-30
Overload.offeredAttempts | e2ab9d9be337c69c | f407a8b64f36ca8b | 89133354f2041b41 | supported | 2026-07-30
Overload.one_le_expAttempts | c2478e8d7bbd594 | 9054337ae9adb993 | bdf56b5cad23f560 | supported | 2026-07-30
Overload.one_le_expAttemptsDeriv | 54ba3aae8cd62139 | 5bc558bd9665a5 | c87902df255ac597 | supported | 2026-07-30
Overload.one_sub_mul_expAttempts | 989b0f6e967c003d | 9f8e858b94bdae60 | bdf56b5cad23f560 | supported | 2026-07-30
Overload.phase_trichotomy | d28d32ba2bd94714 | b9947d5b102bd2f8 | c7916eba7122f42d | supported | 2026-07-30
Overload.pipelineAcct | 723589a9424a7a81 | a3a1e9d6ae8e8445 | 43d3ba1542d626e6 | supported | 2026-07-30
Overload.pipeline_replay_envelope | 3c6eabd1628a2722 | f5d09b94a123f2be | abc1265c47c14694 | supported | 2026-07-30
Overload.pool_rate_bound | 236dce85ddba4b09 | 977347ff8bae7f15 | 89133354f2041b41 | supported | 2026-07-30
Overload.postfixedPts | 91fd71bb79915acd | 4d0aeaa15ee1a98a | 89133354f2041b41 | supported | 2026-07-30
Overload.prefixedPts | 91fd71bb79915acd | d079ceb5d7c2b2f9 | 89133354f2041b41 | supported | 2026-07-30
Overload.propDiscipline | e1b489109b297bc7 | e486f213ffb03700 | 87e403e5635d953a | supported | 2026-07-30
Overload.refinedLabel | fec8984eab819d9d | eae2c5adc01c8429 | 89133354f2041b41 | supported | 2026-07-30
Overload.region1Stack | 6534417419124324 | e51c36a8258ee674 | f0f5bc2f7e64df34 | supported | 2026-07-30
Overload.region2Stack | 6534417419124324 | 879c9b60ddea39ac | f0f5bc2f7e64df34 | supported | 2026-07-30
Overload.residual | 3146ba8e462119c2 | fb9fd92ccbd75587 | 89133354f2041b41 | supported | 2026-07-30
Overload.residual_nonneg | 928cac02027cab18 | e75f65b801d3be11 | 5843043ddc3d3c33 | supported | 2026-07-30
Overload.restrictIcc | b2aadf6e7b7978c6 | 3d73882cafdab3d | 89133354f2041b41 | supported | 2026-07-30
Overload.sharedGoodput | bfd16328d4b54a3c | 883b2571efbc378a | 750ef160c0db4438 | supported | 2026-07-30
Overload.spill_floor_blocks_weights | e0dec18042b3028a | 178f3f4cb0b1b104 | 89133354f2041b41 | supported | 2026-07-30
Overload.stackAmp | 7885310cdd0fc2b6 | bd1ff754159108e | bdf56b5cad23f560 | supported | 2026-07-30
Overload.stationaryWeight | ec9f9acda533a400 | 9c5acdce4917fe76 | 89133354f2041b41 | supported | 2026-07-30
Overload.stationaryWeight_nonneg | ed73f37ae864dc37 | f4d57a0bab50c5d1 | 1ae6f9ae7774d497 | supported | 2026-07-30
Overload.stationaryWeight_succ | 7d54703fadaa1379 | 69dd7b6a2cc90399 | 1ae6f9ae7774d497 | supported | 2026-07-30
Overload.stationaryWeight_unique | f1e19de8ddfaa219 | 9323bd2e663825ab | 1ae6f9ae7774d497 | supported | 2026-07-30
Overload.stationaryWeight_zero | 964923f402e6a34c | 5279f74038cd5448 | 1ae6f9ae7774d497 | supported | 2026-07-30
Overload.stepKernel | bd4ab2bf05974ad0 | 6ba26d9c60afb26e | 89133354f2041b41 | supported | 2026-07-30
Overload.stepKernel_mem | 998eb2059514fa50 | fecd87e134b477d0 | 6330ed892791459c | supported | 2026-07-30
Overload.stepKernel_of_ge | 4bb8ba4a310239e2 | df53a419f4e68456 | 6330ed892791459c | supported | 2026-07-30
Overload.stepKernel_of_lt | 43ef4dafd2d05c | 7d65837573fb4ad6 | 6330ed892791459c | supported | 2026-07-30
Overload.sum_extendDemand | 318bf9399ec43228 | 55db37c6dbdf4f0a | 2fe40087617724f6 | supported | 2026-07-30
Overload.sum_range_add_one | d2e943a11fa39839 | 4a772717780c6cbc | 89133354f2041b41 | supported | 2026-07-30
Overload.sum_range_indicator_lt | 734db11582b3eec1 | 566c7a71cbb03d3 | 89133354f2041b41 | supported | 2026-07-30
Overload.tendsto_expAttempts_geom_bound | 9754ca1a42cbeeaf | a59fd6633b1c6432 | bdf56b5cad23f560 | supported | 2026-07-30
Overload.tendsto_pred_div | 6227497f24c2e536 | 7463ddf8997bd0f6 | 89133354f2041b41 | supported | 2026-07-30
Overload.tendsto_succ_div | 2a988d5eaf73243a | 2b64752791cc2f3e | 89133354f2041b41 | supported | 2026-07-30
Overload.thrashingAcct | 723589a9424a7a81 | c817af544c3769bb | 43d3ba1542d626e6 | supported | 2026-07-30
Overload.totalTime | 9510906eec2b96aa | 23fb80ae4ef31422 | 89133354f2041b41 | supported | 2026-07-30
Overload.totalTime_const_succ | dcee15bd8a34e190 | d6f9b559700c18ab | b7bdbd1a707fd126 | supported | 2026-07-30
Overload.totalTime_mono_T | 6c00be380dc9af69 | a7822768ac807d69 | b7bdbd1a707fd126 | supported | 2026-07-30
Overload.totalTime_zero | 96fad118c359c642 | a69524dc99fe4ce8 | b7bdbd1a707fd126 | supported | 2026-07-30
Overload.twoLayer_cap | deffe4f17afa184f | 1716eec70305612a | 89133354f2041b41 | supported | 2026-07-30
Overload.twoLayer_mem | 7f0c729f13831b8 | 209d74fadb70a645 | 89133354f2041b41 | supported | 2026-07-30
Overload.twoReqTotal | 21ddbea1b2d999b1 | 66902fe1aa4b57ec | 89133354f2041b41 | supported | 2026-07-30
Overload.twoReqTotal_indep | b96cd89e2849f479 | 2f9b27342d49db29 | 530ed398bfd2cd5d | supported | 2026-07-30
Overload.uniform_congested_closedForm | 40ad507a0478d773 | 2ba656898767c77f | 89133354f2041b41 | supported | 2026-07-30
Overload.uniform_congested_closedForm_pin | d3693ee8cffdcbf6 | 51ff98b552ac838d | 3431fd443ad6fa9d | supported | 2026-07-30
Overload.uniform_wald_product_eq | 95b74596004f6ee6 | 7959b65fa787a11e | b04d25184d6a8d6b | supported | 2026-07-30
Overload.unitPath | dafc42585a7d957 | c3702d0a4278383 | b4db8cd6ec957897 | supported | 2026-07-30
Overload.vector_goodput_bound | 48fc5371c120bf50 | 636ff969c7164b3a | 89133354f2041b41 | supported | 2026-07-30
Overload.vector_goodput_bound_at_hop | 24677cbe304c6381 | 53892759599426a9 | 6998e2ab36376baa | supported | 2026-07-30
Overload.wald_bounded | a680f4ce8919be6d | a5202f9a6db04989 | b9182857c4325b08 | supported | 2026-07-30
