-- Claims ledger: one verdict per declaration, written only by
-- scripts/claims.py after a blinded docstring-vs-statement review
-- (design: overload-paper/source/claims-review-design.md). The claims
-- gate in `lake test` compares the hashes below against the manifest;
-- editing a statement, a docstring, or a direct dependency's docstring
-- invalidates the row. In `failing` mode a missing or stale row fails
-- the build; `advisory` prints findings only (pre-bootstrap).
mode: advisory

Overload.Accounting | b234f3fe5ad0f103 | 55cd93c23e5b7a91 | 89133354f2041b41 | supported | 2026-07-30
Overload.Accounting.goodput_le | 466747d9e5bc86f7 | c708010dd13c264a | daa2ead764e1a87 | supported | 2026-07-30
Overload.Accounting.goodput_le_of_waste | 415d900a37dbe347 | 3149fc95d56e1a53 | 43d3ba1542d626e6 | supported | 2026-07-30
Overload.Accounting.useful_le | dccce2000416c189 | 718b3621c792abbc | 43d3ba1542d626e6 | supported | 2026-07-30
Overload.BistableBand | 210537bcee32896a | 97e87670ae904d38 | 89133354f2041b41 | supported | 2026-07-30
Overload.BistableOn | 73bca16f907d616f | 709ec686226c73cb | 32f5dcad882ebba0 | supported | 2026-07-30
Overload.BoundedLoop | b234f3fe5ad0f103 | 19e1d8226e8c0d4 | 89133354f2041b41 | supported | 2026-07-30
Overload.BoundedLoop.CongestedEq | f7840d2e93c45126 | 9313a8200f06a17f | 21dafc3c090e4270 | supported | 2026-07-30
Overload.BoundedLoop.CongestedEq.mono | 2fd02e8b392c2ba6 | 22b0109c45d45f1d | 19fb346ffb2e1ffb | supported | 2026-07-30
Overload.BoundedLoop.F | 9d449895903bb81c | c9707b3a9948c198 | e9e164c4fabecd2b | supported | 2026-07-30
Overload.BoundedLoop.F_le | 5d38ec7936de6917 | b4305645af334e88 | 21dafc3c090e4270 | supported | 2026-07-30
Overload.BoundedLoop.breakerLoop | be313f07efc16afa | 53d746af833473bd | 2773b63e3f66c43d | supported | 2026-07-30
Overload.BoundedLoop.breaker_no_congestedEq | 7dec8dbaf15a6e00 | bc3a5bc2aae3d2d | 274b9702b89cc0e0 | supported | 2026-07-30
Overload.BoundedLoop.budget_no_congestedEq | 8bb780dd8fdb2791 | f11adb2cb567c5ce | cbb696ba18a43868 | supported | 2026-07-30
Overload.BoundedLoop.cap_no_congestedEq | 8ca518906aff0b3f | 99bca9590266b12c | 286dd56e645570a7 | supported | 2026-07-30
Overload.BoundedLoop.clamp_fluid_strictAnti | 8053a3994cd7e6d6 | b5d8acaf55e1f782 | 21dafc3c090e4270 | supported | 2026-07-30
Overload.BoundedLoop.clamp_no_congestedEq | 1d469da594aebd47 | c06c337770e6280b | 19fb346ffb2e1ffb | supported | 2026-07-30
Overload.BoundedLoop.constLoop | ac0a9d7829589c8d | e009798ed0b19074 | eaa56ec8a140e3c4 | supported | 2026-07-30
Overload.BoundedLoop.constLoop_congestedEq | d04b519f4ea8f301 | 320cb3f1f86fb0a3 | 1e0b8329c74d5718 | supported | 2026-07-30
Overload.BoundedLoop.hasDerivAt_F | 46b54ca464dcfb3 | 508f891a9a348dad | 21dafc3c090e4270 | supported | 2026-07-30
Overload.BoundedLoop.no_congestedEq_of_light | d266840339b1280e | 4a6f54956957c427 | 256b9623203b93d8 | supported | 2026-07-30
Overload.BoundedLoop.pointwise_no_congestedEq | 7251883bb7ceb9b9 | c7927055bd0ace7 | 19fb346ffb2e1ffb | supported | 2026-07-30
Overload.BoundedLoop.signature | 993f70bb3f3b8e10 | c69e5395c741a9b2 | e9e164c4fabecd2b | supported | 2026-07-30
Overload.BoundedLoop.signature_lt_no_congestedEq | 9d41be0f3b8c7140 | e43b0752f5200738 | 538b7544f3cd5db4 | supported | 2026-07-30
Overload.BoundedLoop.withKernel | 691b2c2a7596ea7b | ee1bb175c0b446d9 | e9e164c4fabecd2b | supported | 2026-07-30
Overload.BoundedLoop.withKernel_Amax | 19239c9cccea0479 | e087d8d91aab5e12 | eaa56ec8a140e3c4 | supported | 2026-07-30
Overload.BoundedLoop.withKernel_F | 78fa7ac09de9abc5 | bdd71e1b0f5a7acd | 55129435dfc0d1f1 | supported | 2026-07-30
Overload.BoundedLoop.withKernel_h | 4dcff74dd31ecd9e | df1c16336cc5ceb1 | eaa56ec8a140e3c4 | supported | 2026-07-30
Overload.BoundedLoop.withKernel_lam | 45a09dfbb79120d8 | 611194e078fe7619 | eaa56ec8a140e3c4 | supported | 2026-07-30
Overload.Certificate | 86c2dca6723cf2a6 | ee47347cc583d0a9 | 89133354f2041b41 | supported | 2026-07-30
Overload.ClosedLoop | b234f3fe5ad0f103 | f366c0426da4e8ec | e9e164c4fabecd2b | supported | 2026-07-30
Overload.ClosedLoop.F_eq_lam_of_noSustaining | c3efb9451cd59ef3 | 8e039bea256297e6 | 90262c8b1ad9cc76 | supported | 2026-07-30
Overload.ClosedLoop.F_le_withLam_F | 98c3014052260167 | 485649def50ed66b | 4372cb4bd1d8868d | supported | 2026-07-30
Overload.ClosedLoop.F_mapsTo | 84822459adbe44d5 | 4020f1b7c06f9332 | 68fba17ee68cffe8 | supported | 2026-07-30
Overload.ClosedLoop.F_mapsTo_of_le | 7addf07050500322 | c6ee0e4900715c47 | 68fba17ee68cffe8 | supported | 2026-07-30
Overload.ClosedLoop.F_monotoneOn | 6fb97b26b197a7c6 | 49200a5af4a18f09 | d55000d0d3b23de8 | supported | 2026-07-30
Overload.ClosedLoop.F_monotoneOn_Icc | 12096f4ff43429d9 | d2826aa1c8e7fe3d | 4724ddd071b3fab0 | supported | 2026-07-30
Overload.ClosedLoop.F_nonneg | ffe5f729f091a145 | e7520cb6bd2e38a7 | d55000d0d3b23de8 | supported | 2026-07-30
Overload.ClosedLoop.NoSustaining | 886f38d980b8bd27 | 1e82b744a37764a | 723db0a90d34ab21 | supported | 2026-07-30
Overload.ClosedLoop.blip_unique_eq | 678c77dba25a50d4 | 9628a708ee6c3465 | d55000d0d3b23de8 | supported | 2026-07-30
Overload.ClosedLoop.congestionEdge | 28ef93590cc7ece | f6bf5f6916f7ed76 | 61dba29ee5591bdc | supported | 2026-07-30
Overload.ClosedLoop.congestionEdge_le | 3fdf4ced0aec7cf5 | af06f12edae1714c | 78e7f2fdb8db0973 | supported | 2026-07-30
Overload.ClosedLoop.constLoop | 237aa9d89c200cd2 | a599d6f2b78d6527 | 1d854d0fc0dc1e0e | supported | 2026-07-30
Overload.ClosedLoop.eq_ge_of_over | 31d520e0b301184 | af261644b9266540 | aca2b93fc4139e60 | supported | 2026-07-30
Overload.ClosedLoop.lam_le_F | 3debccb27e2cdd90 | 8db5c067faa4fbe9 | d55000d0d3b23de8 | supported | 2026-07-30
Overload.ClosedLoop.noSustaining_unique_eq | 79d6dc574b0701a1 | ee0598892a8af007 | d700d0a76bfcd4e7 | supported | 2026-07-30
Overload.ClosedLoop.one_le_Amax | 9dc91a02ca52ff91 | 8ee2f80437e7c06d | 723db0a90d34ab21 | supported | 2026-07-30
Overload.ClosedLoop.toStar | 5bb6add2ce0a7e98 | 1abe91fea2ba48c8 | 93ffeb81d40c766c | supported | 2026-07-30
Overload.ClosedLoop.withKernel | 96faba24e9a672bd | 7a62d8a99d74cdfe | d4264e7dc888198b | supported | 2026-07-30
Overload.ClosedLoop.withLam | 4262b41596c9eb09 | ed16a310642fa6c9 | 723db0a90d34ab21 | supported | 2026-07-30
Overload.ClosedLoop.withLam_Amax | 3766b0637c684d69 | d72b5588095a94c8 | c6db67ef00082c72 | supported | 2026-07-30
Overload.ClosedLoop.withLam_F | 7f572e1ca81e5834 | 944664e2a52c6140 | 4372cb4bd1d8868d | supported | 2026-07-30
Overload.ClosedLoop.withLam_g | d7a0f6dfdb06d852 | dc6e3f47021635b | c6db67ef00082c72 | supported | 2026-07-30
Overload.ClosedLoop.withLam_h | b328321334bf578f | 98cc95886cf332c0 | c6db67ef00082c72 | supported | 2026-07-30
Overload.ClosedLoop.withLam_lam | d86fbe7fc02c27dc | 624dad40f4c02cf6 | c6db67ef00082c72 | supported | 2026-07-30
Overload.CongestedOnly | 823253cd053fba71 | d703a8e761b752c3 | 89133354f2041b41 | supported | 2026-07-30
Overload.Discipline | 3ee9cde81db8b1c8 | bb2e1b63b1c0b7c6 | 89133354f2041b41 | supported | 2026-07-30
Overload.Discipline.class_clamp_no_congestedEq | b73d190cfdb1c59a | 303a609636466936 | 29f4cfadd380ab75 | supported | 2026-07-30
Overload.Discipline.sum_alloc_le | 8e229e7d91776f9c | 5364f643570870b8 | 87e403e5635d953a | supported | 2026-07-30
Overload.FactorsThrough | 72aaefa3681f7f9c | 6141b0d986138693 | 89133354f2041b41 | supported | 2026-07-30
Overload.FactorsThroughSignature | 33a1be0e98cadf6e | 743ed1158fc7ba27 | 7dcbf5c94abfb6cd | supported | 2026-07-30
Overload.HealthyOnly | 210537bcee32896a | 1f35080be8072ea3 | 89133354f2041b41 | supported | 2026-07-30
Overload.Layer | b234f3fe5ad0f103 | 264fc86782dcf29c | 89133354f2041b41 | supported | 2026-07-30
Overload.Layer.amp | d576e7b143c66108 | cfd5c7ee53f9aab0 | 72db2490cf6521b6 | supported | 2026-07-30
Overload.Layer.amp_le_cap | 68ee26daa2bbe250 | f1446f7a80073a2a | fb56ef203baaa93e | supported | 2026-07-30
Overload.Layer.amp_pos | b10d4c43b9929684 | a6463e076b35f447 | 90a24caf7e33d9b4 | supported | 2026-07-30
Overload.Layer.one_le_amp | cf8a5fa9a2869c4 | c44a68b1349618e9 | 2d1a3633a17fbb9d | supported | 2026-07-30
Overload.SamplePath | b234f3fe5ad0f103 | b97e81f1d702151b | 89133354f2041b41 | supported | 2026-07-30
Overload.SamplePath.W | d77a83ed6614d17b | 50ef341d7012d6a2 | b4db8cd6ec957897 | supported | 2026-07-30
Overload.SamplePath.W_nonneg | 502baaf96a3b911c | d488c4eda759de00 | 66b927b6a01219cd | supported | 2026-07-30
Overload.SamplePath.a_lt_of_lt_arrivals | cf47fba3f8da42dd | a37f6c8981239b67 | fa055d88195ea006 | supported | 2026-07-30
Overload.SamplePath.area | f388ff9bb4dadff1 | ad9e0d52919777c2 | f863df6dd686516c | supported | 2026-07-30
Overload.SamplePath.area_le_sojournSum | 5c1f68d005bc91c6 | 64747429f07e587d | 1b7a6f4d3f3de2b8 | supported | 2026-07-30
Overload.SamplePath.arrivals | d0b28b941329bc3c | a0bec03adbc08821 | b4db8cd6ec957897 | supported | 2026-07-30
Overload.SamplePath.d_le_of_lt_departedPrefix | ee8eee0230a7fae | df49ad651639f413 | 62c68bc6b70876f5 | supported | 2026-07-30
Overload.SamplePath.departedPrefix | d0b28b941329bc3c | 7c46160a972c2647 | b4db8cd6ec957897 | supported | 2026-07-30
Overload.SamplePath.le_a_of_arrivals_le | 877cc0b4daf02be5 | b75add6bbd107af | fa055d88195ea006 | supported | 2026-07-30
Overload.SamplePath.sojournSum | d77a83ed6614d17b | b05d44f578d590de | 66b927b6a01219cd | supported | 2026-07-30
Overload.SamplePath.sojournSum_succ_sub | 95868b95ab448c74 | a0a8876d42d29077 | 74ab19cf3d38d2af | supported | 2026-07-30
Overload.SamplePath.tendsto_W_div | d0fccec289d6d7bb | d8fb7b51d4765db2 | a63411a10d5a9e85 | supported | 2026-07-30
Overload.SamplePath.tendsto_a_atTop | d30b0d91e90fcac3 | 190bf72af712617d | b4db8cd6ec957897 | supported | 2026-07-30
Overload.SamplePath.timeIn | 739c1f69d5c315e5 | 38696ac5216171f7 | b4db8cd6ec957897 | supported | 2026-07-30
Overload.SamplePath.timeIn_eq_W_of_d_le | 3fe4f1e443ccb857 | 511c6b6c203da9fa | a246a1441c6cc490 | supported | 2026-07-30
Overload.SamplePath.timeIn_eq_zero_of_le_a | 7c77bf6fecc95749 | b84c71118a43d0ca | ee5d9fec5e03c517 | supported | 2026-07-30
Overload.SamplePath.timeIn_le_W | f7276b7823be89a5 | 28834d356912381d | a246a1441c6cc490 | supported | 2026-07-30
Overload.SamplePath.timeIn_nonneg | 5d839c585aaaf0f2 | bbc32d1d208ff16 | ee5d9fec5e03c517 | supported | 2026-07-30
Overload.SamplePath.valueArea | a9481c275673dbad | cb13ef378f926f21 | f863df6dd686516c | supported | 2026-07-30
Overload.SamplePath.valueArea_le_valueSum | e093e4377365222e | ec9682c99b46f110 | bdf4fee1b90b5f8c | supported | 2026-07-30
Overload.SamplePath.valueArea_one | 8e055ce254d8bf7c | f1ca1ca3758c226a | 436dc18c50f582e4 | supported | 2026-07-30
Overload.SamplePath.valueSum | 113d3f6686d15f09 | d3cd42bc82ad4755 | 66b927b6a01219cd | supported | 2026-07-30
Overload.SamplePath.valueSum_one | 483b4e697a1112d0 | 58837dcd80292a56 | 5c90478c34ed80ae | supported | 2026-07-30
Overload.SamplePath.valueSum_unitPath_weight_two | cd0fede6ff0a0887 | e8d638ffea5e948 | ad81e47d46297441 | supported | 2026-07-30
Overload.Star | 3ee9cde81db8b1c8 | 9266f7c0402842dc | 89133354f2041b41 | supported | 2026-07-30
Overload.Star.CongestedEq | 37c88cd1a378574 | 8805a1b297589258 | 7fbf3cca807cad04 | supported | 2026-07-30
Overload.Star.Contract | 1b7dac227908590a | 38c6f93417b4ab83 | 918f1eee0df8a8eb | supported | 2026-07-30
Overload.Star.F | 12ec301451741cfb | 453e380381b68f84 | 15c407887c76c6a2 | supported | 2026-07-30
Overload.Star.aggResponse | 12ec301451741cfb | e9f663011dbe2d27 | 918f1eee0df8a8eb | supported | 2026-07-30
Overload.Star.aggResponse_le | 4b799d0c97691808 | 14db76377f0badde | 7ba8989dd1aaa2d5 | supported | 2026-07-30
Overload.Star.gain | c8995bfdc38f41e3 | 74a33856f2b56c2f | 918f1eee0df8a8eb | supported | 2026-07-30
Overload.Star.gainMatrix | 5d402f16b75a2a9b | 7322523fdfef137e | 918f1eee0df8a8eb | supported | 2026-07-30
Overload.Star.isVectorEq | fd8b61d346bc0843 | b53c11ef7d5c8733 | 7fbf3cca807cad04 | supported | 2026-07-30
Overload.Star.signature | 313f091c22d3d86d | 71a6567f63750113 | 918f1eee0df8a8eb | supported | 2026-07-30
Overload.Star.toLoop | 143dd0eee7f856dc | 9d5e0a9d9c5ec20c | 579be8c99a85f5e1 | supported | 2026-07-30
Overload.SystemFacts | 44a56b97dc6040f5 | b4a6896973c5b921 | 43d3ba1542d626e6 | supported | 2026-07-30
Overload.UniformLossEq | 1243845c9ad08658 | 1b2547f87c56950b | 780ac069abc0d0c7 | supported | 2026-07-30
Overload.VerificationSuite | a8b28d216632fe73 | 138486d01fbe8c03 | 6cf1384db3cf6248 | supported | 2026-07-30
Overload.abs_mulVec_le | 1005b767f1825135 | 8a78fe317cdf8036 | 89133354f2041b41 | supported | 2026-07-30
Overload.admission_bound | 27e43621b545f3 | 7ff6eb10b33da380 | 89133354f2041b41 | supported | 2026-07-30
Overload.admission_needs_clamp | ce20ffc891311ae9 | a0bf593c19c955c3 | 89133354f2041b41 | supported | 2026-07-30
Overload.affine | 8d4a410e5855fe52 | 2c6862ccc9d92f33 | 89133354f2041b41 | supported | 2026-07-30
Overload.alloc | 3146ba8e462119c2 | 7386053c7de7733f | 5843043ddc3d3c33 | supported | 2026-07-30
Overload.alloc_le_demand | 452cf6ba1c37109d | ab2951677a4ac671 | 893658f4df168c0b | supported | 2026-07-30
Overload.alloc_le_residual | ffb02b3a0747ee1 | a468975ec2b7ce30 | 893658f4df168c0b | supported | 2026-07-30
Overload.alloc_nonneg | b9fb360713140e10 | c741724ac64697fb | 45132b415c641695 | supported | 2026-07-30
Overload.attemptDist | fe04cd137b55f1ea | ab7333960e2c4527 | 3e7f68f7cc683a8d | supported | 2026-07-30
Overload.attemptRate | f14a9a2a6a8f4ffc | fce1143cbf1052f9 | bdf56b5cad23f560 | supported | 2026-07-30
Overload.attemptRate_at_zero | bfb74fde614be55b | b92dc6c41c0cf3da | 177b50926e822566 | supported | 2026-07-30
Overload.attemptWeight | e43781a682d50d3d | 9ca56806b2a42ed8 | 89133354f2041b41 | supported | 2026-07-30
Overload.attemptWeight_at_cap | 89cd3c99dc43764b | c09b2bfac34fdde2 | fb535dddfd36ffbe | supported | 2026-07-30
Overload.attemptWeight_nonneg | 926c62b14c862e53 | 96bf5062ee1920ce | fb535dddfd36ffbe | supported | 2026-07-30
Overload.attemptWeight_of_cap_lt | 16519a03830125d7 | 8bbb52c73c6827eb | fb535dddfd36ffbe | supported | 2026-07-30
Overload.attemptWeight_of_cap_lt_pin | 5a8124c8d9273656 | f1599608a2487913 | 2cfdb17992fb78fd | supported | 2026-07-30
Overload.attemptWeight_of_lt | 61026044015a1041 | c457d9a43c915c2a | fb535dddfd36ffbe | supported | 2026-07-30
Overload.backpressureLoop | 794cd2938108630a | cca6ed7e61d0013d | b6379946a7d4b4d8 | supported | 2026-07-30
Overload.backpressureLoop_no_congestedEq | ce9116517cdcb0ed | 7752a6d54306e377 | e5aefc9df2105e35 | supported | 2026-07-30
Overload.backpressureLoop_not_one_le | b1f953185e9e7bc2 | 63d1d05b2ae993eb | b30a594e85a93d42 | supported | 2026-07-30
Overload.bddAbove_postfixedPts | 2a568dc93b778f1e | 5f3fbb679cb95197 | 788b7de4e4ca1c4f | supported | 2026-07-30
Overload.bddBelow_prefixedPts | c387b0850cf1738 | 261912b9f208e3bd | a26552f046376e50 | supported | 2026-07-30
Overload.binding_shift | 230003f53fd62641 | cf825ed72d9b37e0 | 89133354f2041b41 | supported | 2026-07-30
Overload.binding_shift_at_amp_five | d075d015398badc0 | e7983e4c21a18b51 | 18e2cdaa90166ba | supported | 2026-07-30
Overload.bistableBand_iff_edges | 936bf7b0636458ab | e2a6521bb5700406 | 2cf13d621b5ff952 | supported | 2026-07-30
Overload.bistableBand_iff_rho | 76ef5dfabb9a829c | 415921ebd38bf666 | 2cf13d621b5ff952 | supported | 2026-07-30
Overload.bistableBand_scale | be5eeb60320b038a | 3cf0383430ffe1c2 | 2cf13d621b5ff952 | supported | 2026-07-30
Overload.bistable_not_congestedOnly | 88b3955b115e869 | cfa9af2ddd1839a2 | 695bb4f4c8e4e5d | supported | 2026-07-30
Overload.borgAcct | 723589a9424a7a81 | 7fcb78aff06f328e | 43d3ba1542d626e6 | supported | 2026-07-30
Overload.borgDemand | ec9f9acda533a400 | ff429f38c2a3b84c | 89133354f2041b41 | supported | 2026-07-30
Overload.borg_band_floor | 23fab9815a678c94 | cf30b3adc76e09bc | 682308bd6ef1bba8 | supported | 2026-07-30
Overload.borg_batch_borrows | f0f3e6fca609afd8 | d3c983987c61fb1c | 66bdae5336fa08f | supported | 2026-07-30
Overload.borg_batch_residual | d89b61505658605 | 50b75aa5dbdd22b3 | 4a641f5e52bb2ce4 | supported | 2026-07-30
Overload.borg_no_stranding | 77d445af1a905dc2 | c40364925afdacbc | c2cec15bace9e04d | supported | 2026-07-30
Overload.borg_prod_immune | 27c3011e8339277f | b19b2b7415ca1f02 | a9a6f6ed2fea29c8 | supported | 2026-07-30
Overload.borg_quota_bound | f524e756861956ab | 2407ea8332f9e40b | f749cee04b7413d4 | supported | 2026-07-30
Overload.borg_quota_needs_clamp | 41b1ab400c0332f3 | e1204781d8ba1a8c | f7051b6a90be71e7 | supported | 2026-07-30
Overload.borg_waste_caps_goodput | 6ad764ac84e96e59 | d1de54bc808efa66 | e24ebd6c5ede76dc | supported | 2026-07-30
Overload.bottom_binds_at_amp_one | 1e8f989b2a03974a | 68985f60c5a8fdc3 | 89133354f2041b41 | supported | 2026-07-30
Overload.branching_wald | ab09329aa43062a2 | b7d6d5512a3d8fb7 | 124ec8e0a6ba58a9 | supported | 2026-07-30
Overload.branching_wald_pin | 9ca55204d8f33c68 | 84fda4ffed172f10 | 1e0a48a910a6221b | supported | 2026-07-30
Overload.branching_wald_single | a1558ccfeaacb98d | 637e99216f20f79c | f8778ff8bc1e1bd6 | supported | 2026-07-30
Overload.branching_wald_uniform | 5e2bd29b667cfa22 | 30c79b18c7346b47 | 821a7e1f3181f038 | supported | 2026-07-30
Overload.breakerResponse | d626ce4e4fdb5fc9 | dfe02b334ab2f934 | 89133354f2041b41 | supported | 2026-07-30
Overload.breakerResponse_le | c72ffdadc1a2f9d9 | b8b359f18865810 | 911abd17a9a216f1 | supported | 2026-07-30
Overload.budget_floor | 4ff926942d933c9d | 2c33d5334c85d895 | 750ef160c0db4438 | supported | 2026-07-30
Overload.capProd | e0531c85ea478e77 | 756052602d09024d | 89133354f2041b41 | supported | 2026-07-30
Overload.capProd_cons | 2f561d19335e6cd | 2ae970a67e921e6d | 33e348dbf8408f64 | supported | 2026-07-30
Overload.capProd_nil | 93dd3592e2c8c387 | 8d63e07fa8537e02 | 33e348dbf8408f64 | supported | 2026-07-30
Overload.cappedLoop | 9f0d9c8d94e8a8b3 | ff0d47e2c9028dfc | 3e13acdcf2251d8d | supported | 2026-07-30
Overload.certificateWitness | 14cbbd69d8c9fba5 | 2dd674f5d72e19ca | 6ad88c759ed40b2f | supported | 2026-07-30
Overload.certificateWitness_rate | d57f60d74113ea48 | d43b73bf6b80b169 | 1b6286ddfe70aec | supported | 2026-07-30
Overload.certificate_fixedPoint_unique | d5003b060a4d21cb | e95b6d8f84834fe5 | b684111b266e4c9b | supported | 2026-07-30
Overload.certificate_of_row_sums | 66080aedb9933665 | 18ef826cf534a893 | eee41a575384cd1 | supported | 2026-07-30
Overload.certificate_of_small_spill | d724e8b85480389b | 2a8779c53e3fce0a | 881dec4027cfbf51 | supported | 2026-07-30
Overload.certificate_of_small_spill_pi | 3cc473a7daddc6fc | ef49208536eed92e | b2772d3bc05e34a0 | supported | 2026-07-30
Overload.certificate_of_small_spill_pi_pin | e94d19466b756051 | de30075d0bb61f88 | 39982d40e427da1d | supported | 2026-07-30
Overload.certificate_of_two | e4b99874b3437c25 | 5fedd2cb811b6a98 | eee41a575384cd1 | supported | 2026-07-30
Overload.certificate_rate | 59bb6b302692d10f | a10e2451dc3e20ea | eee41a575384cd1 | supported | 2026-07-30
Overload.composeFail | 3a1151d34063c95c | 3b21a21f0050f36 | 89133354f2041b41 | supported | 2026-07-30
Overload.composeFail_antitone_cap | e9927042c555b5c7 | d14c1fa82b4eadd1 | 69bdfa51c7310a24 | supported | 2026-07-30
Overload.composeFail_antitone_cap_pin | 2ef286a74ec3f3fa | ef2a8b1a8b39dd0b | 3f2ff6563bed2581 | supported | 2026-07-30
Overload.composeFail_mem_Icc | 9faa8ddec8b92297 | 897459b3f2ffee9b | 69bdfa51c7310a24 | supported | 2026-07-30
Overload.composeFail_mono_down | c97e9d721335e28e | 2e41fcd7b0d7be22 | 69bdfa51c7310a24 | supported | 2026-07-30
Overload.congestedOnly_iff_rho | 321621f3b2c28ee8 | 7605d994bbc12230 | 5c417e7e780c3163 | supported | 2026-07-30
Overload.congestedOnly_scale | 9f87b8fe70711d18 | 4208b336eb074a04 | 5c417e7e780c3163 | supported | 2026-07-30
Overload.count_comp_div_tendsto | 95b6abbdb1ea22d6 | 6bcbf8df1e99b76a | 89133354f2041b41 | supported | 2026-07-30
Overload.count_div_tendsto | 64a9cb2111c8079d | e47585e1335ab48a | 67278902b733df65 | supported | 2026-07-30
Overload.count_tendsto_atTop | ff121dfb34bcacc3 | 757e59cf0c4948f9 | 89133354f2041b41 | supported | 2026-07-30
Overload.coupledAmp | 8f13e4522786ee39 | 66165f568d2ee99c | 763ca781be59c572 | supported | 2026-07-30
Overload.coupledAmp_cons | c9ea4b1cd0265ecf | 2bf46d68bfa88d73 | 2b93ff2a9856bf97 | supported | 2026-07-30
Overload.coupledAmp_nil | c2bf870390eda536 | eab9e5689b59ad8a | d604c1143278e7df | supported | 2026-07-30
Overload.coupledAmp_twoLayer_zero | 3b5b45c9b00c428a | 7303b73c4c0a7725 | 2b93ff2a9856bf97 | supported | 2026-07-30
Overload.coupledW | 877803c66da3a4b | 5ae1c28f8405dda3 | 89133354f2041b41 | supported | 2026-07-30
Overload.coupledX | d9d2d62c17f4be84 | e24f30e8cf8593cb | 89133354f2041b41 | supported | 2026-07-30
Overload.coupled_weight_breaks_wald | 513eaa55905b20fa | 77f0149575954c99 | 635230fca0ce6522 | supported | 2026-07-30
Overload.cutFlow | f90af903f4fae8ab | d1c3374e834577ee | 89133354f2041b41 | supported | 2026-07-30
Overload.cutFlow_const_of_global_balance | 9ad3413c9cc8312e | 529eb73b64ea7b44 | 216c0b07a4b4f05c | supported | 2026-07-30
Overload.cutFlow_eq_zero_of_summable | 494bb7dbc024e32d | d02bfe8ca36dcc | e97735f1bc7c95d3 | supported | 2026-07-30
Overload.deficit_certified | 7953e52a60eed2f | 5eee2fc70248f80c | 6ad88c759ed40b2f | supported | 2026-07-30
Overload.demoEligibleLoop | 7f30b847d2436220 | 606c906f89d75886 | 57e6657d6bd30aa | supported | 2026-07-30
Overload.detailed_balance | bb3f616f6282915a | 27f664a6bb5d96b1 | da74783e22e39cab | supported | 2026-07-30
Overload.docBlameThmEnabled | 63015b71e0f57f2f | a9c6c9f9277cc3a4 | 89133354f2041b41 | supported | 2026-07-30
Overload.doomedAmp | dd84600a816d8ba5 | 46e95837c8d8ebea | 89133354f2041b41 | supported | 2026-07-30
Overload.doomed_worsens | f4a87c3d8ccf3443 | 4a29a517d9991d86 | a229f281a657d38d | supported | 2026-07-30
Overload.doomed_worsens_pin | 69d85b145459c051 | a8f83dc10cae1145 | beafdd127edfed0 | supported | 2026-07-30
Overload.effective_priority | 21089c8059d7c4e1 | bf0bce1e0a8db71e | b7ac094f5e4d69c3 | supported | 2026-07-30
Overload.eligibility_gate | 560386ae8fc72986 | 8c290bb09b1f4a4d | ff88520a571ce719 | supported | 2026-07-30
Overload.eligibility_gate_pin | fe2f7492121f5134 | bc8f45e9c0508445 | 5048764c5e0661c6 | supported | 2026-07-30
Overload.eligibleLoop | c2430383400c8b61 | 5c3dc71973fe6c8 | 73759369160c0866 | supported | 2026-07-30
Overload.eligibleLoop_zero_noSustaining | 75b705c450443cd1 | a234c7b8be9ed053 | 9dac3ed88e27daf5 | supported | 2026-07-30
Overload.eligibleResponse | 73358d68f0cf8e65 | 473956f55e3653e6 | bdf56b5cad23f560 | supported | 2026-07-30
Overload.eligibleResponse_mono_mass | a412987a8d7f60b8 | 946e427e20b6732f | 34432459d329c8b9 | supported | 2026-07-30
Overload.erlangB | ec9f9acda533a400 | 34b4da516b91dab9 | 89133354f2041b41 | supported | 2026-07-30
Overload.erlangB_carried_le | 46fb30f8d0308e3 | 85519112fd35631e | 7fb0188acf111f2c | supported | 2026-07-30
Overload.erlangB_le_one | 6fa13458f1ab9ca8 | ff0e52bc62c5b35e | 7fb0188acf111f2c | supported | 2026-07-30
Overload.erlangB_mono_load | 41f8bc6d3778ab80 | 636d3a1a875fda9a | 7fb0188acf111f2c | supported | 2026-07-30
Overload.erlangB_mul_sum | 22b5b9a85e0c0df0 | f970bae051828844 | 7fb0188acf111f2c | supported | 2026-07-30
Overload.erlangB_nonneg | 9552d63980945c2a | 6d954b2ab17ebe77 | d8636e3fc53a0737 | supported | 2026-07-30
Overload.erlangB_succ | 31c27328e189d104 | 5beeff81d2e1e11 | 41babebea1b35da0 | supported | 2026-07-30
Overload.erlangB_two_two | d26065f1fe80005a | 39b40cdd1109d310 | d8636e3fc53a0737 | supported | 2026-07-30
Overload.erlangB_zero | 55fd256356aae2e5 | ccda21c6ecc5d090 | 41babebea1b35da0 | supported | 2026-07-30
Overload.erlangKernel | 73358d68f0cf8e65 | c27d69a4c17c062c | 41babebea1b35da0 | supported | 2026-07-30
Overload.expAttempts | ec9f9acda533a400 | 93d20df27d3f0f99 | 89133354f2041b41 | supported | 2026-07-30
Overload.expAttemptsDeriv | ec9f9acda533a400 | 4f9d2165bcb20751 | 89133354f2041b41 | supported | 2026-07-30
Overload.expAttemptsDeriv_pos | ffdb7f0ec6e3d7c2 | 9a669559d2da6d81 | 437a4e3c688f3fea | supported | 2026-07-30
Overload.expAttemptsDeriv_pos_half_four | 3f3370de51dc595e | 5190415004a5bed2 | bd32c1a16e5f9e6c | supported | 2026-07-30
Overload.expAttempts_at_zero | c72b1699e80c2903 | 9f03cecb3665113b | ff88520a571ce719 | supported | 2026-07-30
Overload.expAttempts_def | 4d54283c3f78cffe | 18dd879b57fa570 | bdf56b5cad23f560 | supported | 2026-07-30
Overload.expAttempts_half_three_eq | 1473b458fc8713aa | fb72b2b97ab57398 | bdf56b5cad23f560 | supported | 2026-07-30
Overload.expAttempts_le_cap | dcdbac0f56bb1473 | e2310d05c08bdad1 | bdf56b5cad23f560 | supported | 2026-07-30
Overload.expAttempts_le_geom_bound | 9b0b1881c638a6b4 | 4f33479a8229f46e | bdf56b5cad23f560 | supported | 2026-07-30
Overload.expAttempts_le_one_add_mul | 710135b0c2e7db83 | 10ccf2c2201798c5 | bdf56b5cad23f560 | supported | 2026-07-30
Overload.expAttempts_le_one_add_mul_pin | 82732f20246888cf | c0c3a0e6b6cba224 | f4bd0870f573e33a | supported | 2026-07-30
Overload.expAttempts_mono_left | ead4969f82cefe56 | aaf0187802a317d6 | bdf56b5cad23f560 | supported | 2026-07-30
Overload.expAttempts_mono_right | 24572262b2dd4099 | af3eff4ad048bdf7 | bdf56b5cad23f560 | supported | 2026-07-30
Overload.expAttempts_nonneg | 9328774cc14e35b8 | edb40249de0c69fc | bdf56b5cad23f560 | supported | 2026-07-30
Overload.expAttempts_succ | 9313c615a2a54685 | 59ae17ec9d30a3c1 | bdf56b5cad23f560 | supported | 2026-07-30
Overload.expCostOf | dcc0f6a41a701ec8 | 954b12bf0751d6e9 | 89133354f2041b41 | supported | 2026-07-30
Overload.expOf | bb3bda613c40b860 | 8cef9dc5dff7b1be | 89133354f2041b41 | supported | 2026-07-30
Overload.exp_neg_le_inv_one_add | 77f5ae8eb38fe08a | 1d1f6f10d28d1a92 | 89133354f2041b41 | supported | 2026-07-30
Overload.explicitVarsOfIffEnabled | 63015b71e0f57f2f | f1b3198555805d39 | 89133354f2041b41 | supported | 2026-07-30
Overload.extendDemand | e87215db5bf453dc | 4f9957ae88cbb0ec | 89133354f2041b41 | supported | 2026-07-30
Overload.extendDemand_nonneg | 845d2f7aba48d5ea | 81345b07295317ca | 2fe40087617724f6 | supported | 2026-07-30
Overload.factorsThroughSignature_iff | 9e688acb6e5d2fa5 | 4ee1922342d8849c | 455577792e78cc0a | supported | 2026-07-30
Overload.fifoSojourn | bd4ab2bf05974ad0 | a9ddcb5c44aa7de8 | 89133354f2041b41 | supported | 2026-07-30
Overload.fifo_head_expired | 6041c8fdd5570523 | 67c90afd980898a4 | 41db117c917a9d4a | supported | 2026-07-30
Overload.fitsIn | 6ab30ae3ab1d3fe0 | 781d70b74cd0cec1 | b7bdbd1a707fd126 | supported | 2026-07-30
Overload.fitsIn_of_cheap | 79652fb7eee02f61 | b4d95c44d0c77aed | f86bd2202f067755 | supported | 2026-07-30
Overload.fitsIn_zero | 2d6de98aa8d67b0b | 19ed1fc8b863f5a8 | a6e0f857a825a909 | supported | 2026-07-30
Overload.fixedPt_unique_of_gain_lt_one | 210702afc0e51636 | d6e9df5df0f21f07 | 89133354f2041b41 | supported | 2026-07-30
Overload.fluid_decay_of_deriv_le | c97054cc5a66c81f | 6291f75a47b9872c | 9efd99eccc9703bc | supported | 2026-07-30
Overload.fluid_decay_of_gain_le | 163f54af580f1c4f | 9465cb239699bacb | 89133354f2041b41 | supported | 2026-07-30
Overload.fluid_decay_witness | 10224e2af235ecd9 | d87d02ac7f690be0 | 7958ada717ecac06 | supported | 2026-07-30
Overload.fluid_drain_clears | e6bfc1dcbc72459f | 26950eab6aa1d5be | c7f86eb771c683b3 | supported | 2026-07-30
Overload.fluid_drain_le | e0c8b3e8430414df | 3229f70d5c978b62 | 89133354f2041b41 | supported | 2026-07-30
Overload.fluid_drain_twelve_clears_at_four | 16307bbc15079248 | 599cb4f8d2af81a7 | ac344e523c0c448c | supported | 2026-07-30
Overload.fluid_recovery_within | 318eefe7c18d2b13 | dfcbc1d6a21ecff0 | 9efd99eccc9703bc | supported | 2026-07-30
Overload.gain_gt_one_repels | ce3019b8217436d9 | 1969002afc78ef72 | 89133354f2041b41 | supported | 2026-07-30
Overload.gain_gt_one_repels_pin | 453d71d3f834d393 | cf7f5128b9151e1e | 2587972a7fae1434 | supported | 2026-07-30
Overload.gfpIcc | d626ce4e4fdb5fc9 | 6bdf7f0d5498e977 | 788b7de4e4ca1c4f | supported | 2026-07-30
Overload.gfpIcc_eq_gfp_restrict | b109fc206d972fe0 | 21d56245a8084b1e | adc5a1b02642037a | supported | 2026-07-30
Overload.gfpIcc_mem_Icc | df9a28e7c54b2af4 | 370bf45ea2b751da | 40e5a84f171a8cdf | supported | 2026-07-30
Overload.gfpIcc_mono_of_le | 8919b6ad66205d8f | d156f9c7dac0718f | 40e5a84f171a8cdf | supported | 2026-07-30
Overload.global_balance | 17b1331f2d217682 | 6034550931aaeb3c | 71e90d21bac0ab6f | supported | 2026-07-30
Overload.global_balance_iff_cutFlow_succ | fe0bb6cd8c4d0c7d | efd20abe7bf65cad | 8ad019d26d52df8d | supported | 2026-07-30
Overload.goodput | f14a9a2a6a8f4ffc | 5872420505da18a6 | 89133354f2041b41 | supported | 2026-07-30
Overload.goodput_at_zero | 9adf2e6d38e83981 | e9256e45dde91b69 | e86549764818918c | supported | 2026-07-30
Overload.goodput_eq_one_sub_mul | 7092cadba691ceb4 | d25d661a9c72a29d | e5ea2b64874a3694 | supported | 2026-07-30
Overload.hasDerivAt_expAttempts | de6b0684835e13c | b621eaf638b1bd0d | 9f472b3183a3d4af | supported | 2026-07-30
Overload.hasDerivAt_mm1Kernel | 937cbcf8209ab821 | 1c30f5e629cf8455 | 741f00c8850e5668 | supported | 2026-07-30
Overload.hasDerivAt_smoothLoop_F | ea7cf784d0a347ff | fe021e83e2de9dff | c1d854ff07ce93ab | supported | 2026-07-30
Overload.hasSum_stationaryWeight | 9216f5c3b137e2a4 | 725978f8cad87ba1 | 1ae6f9ae7774d497 | supported | 2026-07-30
Overload.healthyOnly_iff_rho | 171b60e07e3b2926 | ad3fe0d28b675b84 | 258b47dcbc5fb0a8 | supported | 2026-07-30
Overload.healthyOnly_not_bistable | be2ee5042224d2df | 9383bcddfc02dc1e | da6864629e81f5c2 | supported | 2026-07-30
Overload.healthyOnly_not_congestedOnly | 972e43cb4da5b271 | bdcbeac3fdb20822 | 9267670f38cade50 | supported | 2026-07-30
Overload.healthyOnly_scale | b5c134da33976b01 | 8772f8ffe56c7b83 | 258b47dcbc5fb0a8 | supported | 2026-07-30
Overload.hop_amplification_bound | 1928454a3c68c939 | e1603c683ecef09e | 89133354f2041b41 | supported | 2026-07-30
Overload.hop_binds_at_amp_five | d5c2f3948654e7ee | 3f75bd6c9bc47a46 | 89133354f2041b41 | supported | 2026-07-30
Overload.instrument_blind | 588b7e2bb4791ba4 | 551b75c46b142190 | 3d74d6efd5a3ae07 | supported | 2026-07-30
Overload.intent_factorsThrough_refined | 828561aae650f2fb | 21d19f0ad093cf84 | c82e634836036a6a | supported | 2026-07-30
Overload.intent_refines | 2fed8a787886c101 | ff8536077d7a2e76 | f7eaf38948c9ebff | supported | 2026-07-30
Overload.inversion | 7a39cd538aa6b21e | 6a179fd42bb6bb3e | 8736e715e73a7e47 | supported | 2026-07-30
Overload.inversion_threshold | 89ea493114ca90ba | 4574678a15a5c53f | 89133354f2041b41 | supported | 2026-07-30
Overload.inversion_threshold_pin | cd3f798572e3ea16 | c96de7efe9e415b2 | 8736e715e73a7e47 | supported | 2026-07-30
Overload.invokeFail | 8f13e4522786ee39 | 1fdffba74f9d4e3a | 69bdfa51c7310a24 | supported | 2026-07-30
Overload.invokeFail_at_one | a58a19ac25393f23 | 6b2f8171d7541ebb | b4ab5d8d9a762f2b | supported | 2026-07-30
Overload.invokeFail_cons | 4a9c3e93cc4263c2 | 1417be6cb38fb674 | 2598edcba71b65fc | supported | 2026-07-30
Overload.invokeFail_mem_Icc | 8c7e21ca072741f8 | 3d627ac84cec1aeb | 4ed0d49294e759e7 | supported | 2026-07-30
Overload.invokeFail_mono_base | f8fb92038f91f2c7 | 66b6d8f25e54e61f | 730ce9acd4f2e7cb | supported | 2026-07-30
Overload.invokeFail_nil | 8017f2183462604c | 28a22cdcb5820967 | f9baaad38c4c193 | supported | 2026-07-30
Overload.iterate_le_of_le_fixedPt | 37dec838c542a2f3 | 5082f1f122256b58 | 89133354f2041b41 | supported | 2026-07-30
Overload.jitter_window_avoids | e0fa3d55d1353c91 | a7ca2b3562ccaa20 | 89133354f2041b41 | supported | 2026-07-30
Overload.kernelLoop | af72bbee95fd2f15 | 41b486fa0c78c64c | 8f7487bef71d966 | supported | 2026-07-30
Overload.layersAmp | 836ce28447466b0f | d3fc4a6e59bbfcfd | cdc887414e98f350 | supported | 2026-07-30
Overload.layersAmp_cons | cf571e835f34f05e | 748f77a49552cb14 | 77a9f3323dd82ede | supported | 2026-07-30
Overload.layersAmp_nil | fd766365cd9431ec | 9770632a829bed73 | d40a4b54283fa231 | supported | 2026-07-30
Overload.layersAmp_region1Stack | f69e855024e79984 | 3aae9d37faa4fc8d | c0ee68145925bd10 | supported | 2026-07-30
Overload.layersAmp_region2Stack | 38694b4dc594b9c6 | 1944e3ca43ad9452 | 14d6ea16433668ff | supported | 2026-07-30
Overload.le_iterate_of_fixedPt_le | 128819ae770a7d | ed46bc7886e66f2f | 89133354f2041b41 | supported | 2026-07-30
Overload.le_iterate_of_postfixed | a9b2237f95a9b243 | e363def13e1ff26e | 89133354f2041b41 | supported | 2026-07-30
Overload.lfpIcc | d626ce4e4fdb5fc9 | 501fe6c07292c183 | a26552f046376e50 | supported | 2026-07-30
Overload.lfpIcc_eq_lfp_restrict | 3a4c53cd902c365e | 33b06f885a3f5044 | 1bfdea6af4333589 | supported | 2026-07-30
Overload.lfpIcc_le_of_prefixed | 2ed143a7462320e0 | f5cea940ec993f0c | c125a1e78be6aea5 | supported | 2026-07-30
Overload.lfpIcc_mem_Icc | 556870ce9cdf4c37 | 16ac191ba4b3fad8 | c125a1e78be6aea5 | supported | 2026-07-30
Overload.lfpIcc_mono_of_le | f60d13e62ebc05ed | b2b3ea015600a31 | c125a1e78be6aea5 | supported | 2026-07-30
Overload.lifoSojourn | 17445e7e9bee2ad2 | ae70c964de2d6526 | 89133354f2041b41 | supported | 2026-07-30
Overload.lifo_fresh | c0b428e9a63c70e9 | 5cdc837c3055e0ee | e58a86638a0052c9 | supported | 2026-07-30
Overload.looseBudgetLoop | 794cd2938108630a | e3fe176c751e51ff | b6379946a7d4b4d8 | supported | 2026-07-30
Overload.mapsTo_Icc_of_postfixed | d6175d2431649fd5 | 33903346f0c774a | 89133354f2041b41 | supported | 2026-07-30
Overload.mapsTo_Icc_of_prefixed | 95bd173e2e77eda | b749a854b8456f73 | 89133354f2041b41 | supported | 2026-07-30
Overload.meanQueue | 82877448299367d7 | b599359433af63c6 | 1ae6f9ae7774d497 | supported | 2026-07-30
Overload.meanQueueWaiting | 82877448299367d7 | a9b842d01a43f578 | 1ae6f9ae7774d497 | supported | 2026-07-30
Overload.meanQueueWaiting_eq | 3f7fcce281f5a949 | e648ada8cbf6a4cf | 47e70a89eea2b627 | supported | 2026-07-30
Overload.meanQueue_eq | 69ffea5cd3d9902f | 447d0d3a6843312d | 5895a6290520817b | supported | 2026-07-30
Overload.meanQueue_eq_lam_mul_meanWait | c51cd0518c64fb9 | de1fc2518375040b | ffb10b326522550d | supported | 2026-07-30
Overload.meanQueue_half | a1578895e77d48f | 28b6533d39306594 | ac297b52feed0e01 | supported | 2026-07-30
Overload.meanQueue_strictMonoOn | 708fdc013d458f29 | 487e0b1543a56d3d | ac297b52feed0e01 | supported | 2026-07-30
Overload.meanQueue_three_quarters | 9dbdbafd3918a4e1 | c9cdb81aff85f186 | ac297b52feed0e01 | supported | 2026-07-30
Overload.meanQueue_two | 31b6bbb2d709eb94 | c4f156fe7fbe6be1 | 5895a6290520817b | supported | 2026-07-30
Overload.meanWait | bd4ab2bf05974ad0 | 6a0893f23add4b4d | cdb5322e11ac6500 | supported | 2026-07-30
Overload.meanWait_eq | 17c5762faef4d7de | bfa83cfbd1a60852 | be47d57f7bf6ef0b | supported | 2026-07-30
Overload.meanWait_false_above_saturation | fcfd6a9bc6187b58 | 15d88664be96f6b4 | 63afc6b71db051f1 | supported | 2026-07-30
Overload.meanWait_saturation_junk | 210d5fb2f62e7a8c | 7ae46bad718df68f | 712733fd4c866bb6 | supported | 2026-07-30
Overload.mesh_certified | 4a1e226ca99b2bc | 5972502054fabcd5 | 6ad88c759ed40b2f | supported | 2026-07-30
Overload.miscoded_pair_blind_then_refined | 7986f57bbc7ad510 | 1475c338d6d7f808 | 842ac1b0b95594c2 | supported | 2026-07-30
Overload.mm1Kernel | dd84600a816d8ba5 | 3148ea7f6467664d | 89133354f2041b41 | supported | 2026-07-30
Overload.mm1Kernel_lt_one | e33fbc24a39fe4ac | 8aec0bcb1274797b | 741f00c8850e5668 | supported | 2026-07-30
Overload.mm1Kernel_mem | f7c60705fd99cd4 | 73c595a7a531b4f7 | 8f9ea60cab0d7a95 | supported | 2026-07-30
Overload.mm1Kernel_monoOn | ec6f2613563f01a2 | 5a3df7af06dcaa5 | 8f9ea60cab0d7a95 | supported | 2026-07-30
Overload.mm1Kernel_of_ge | abdea07e7d88507e | 4627af4e1731d853 | 8f9ea60cab0d7a95 | supported | 2026-07-30
Overload.mm1Kernel_of_lt | b608a282789ae977 | d24eca4341602427 | 8f9ea60cab0d7a95 | supported | 2026-07-30
Overload.mm1Kernel_tendsto_zero | 601c0c1efb416278 | 2960865bf0111dbd | 741f00c8850e5668 | supported | 2026-07-30
Overload.mm1Kernel_zero_tau | 335934bfc2542adc | d7edc2b1729f3de6 | 8f9ea60cab0d7a95 | supported | 2026-07-30
Overload.mm1Loop | dc1be3ce42172ed9 | 13f5321d918adfd4 | 8a64c6c44ee6c640 | supported | 2026-07-30
Overload.neff | fcd490723268110c | 2a681da891b26858 | 1a613c7ca2a5783e | supported | 2026-07-30
Overload.noRetryLoop | f1337606b1723cf0 | d1528cb366091e82 | 723db0a90d34ab21 | supported | 2026-07-30
Overload.noRetryLoop_noSustaining | 92bc0c8eb5132e62 | 4d8dbe95bf20706b | 1a299709e489a614 | supported | 2026-07-30
Overload.no_signature_cert_of_separating_pair | b6829929d11251a9 | f0662d7ee41cf483 | 455577792e78cc0a | supported | 2026-07-30
Overload.no_stranding | 136c8aa662a5044c | 9b7bcd35b799c1fe | 893658f4df168c0b | supported | 2026-07-30
Overload.offeredAttempts | e2ab9d9be337c69c | f407a8b64f36ca8b | 89133354f2041b41 | supported | 2026-07-30
Overload.one_add_le_expAttempts | b08445304a7606b8 | 9ad43ee2641ebd8f | c27b3762305326ac | supported | 2026-07-30
Overload.one_le_expAttempts | c2478e8d7bbd594 | 9054337ae9adb993 | bdf56b5cad23f560 | supported | 2026-07-30
Overload.one_le_expAttemptsDeriv | 54ba3aae8cd62139 | 5bc558bd9665a5 | c87902df255ac597 | supported | 2026-07-30
Overload.one_le_stackAmp | 37838b08b4e65e10 | da5f2aa329b9da34 | a8bad69b650c9d7e | supported | 2026-07-30
Overload.one_sub_mul_expAttempts | 989b0f6e967c003d | 9f8e858b94bdae60 | bdf56b5cad23f560 | supported | 2026-07-30
Overload.overloadOmittedTokens | 5d6e5bfae4a2fb0d | 8d75829a1c110902 | 89133354f2041b41 | supported | 2026-07-30
Overload.pairing_lt_of_rankOne_certificate | bce2ff190cf3c26d | abf47cf341bcd653 | eee41a575384cd1 | supported | 2026-07-30
Overload.phase_matches_of_rho_eq | 24a304d1abefbb32 | e16461936eb32c13 | deb499740165633f | supported | 2026-07-30
Overload.phase_regions_disjoint_pin | ebaf3562e55c94a8 | 98f44e6d0829f4ce | c2b4278fdb74def1 | supported | 2026-07-30
Overload.phase_scale_pin | b64817b4a2d4dec5 | ec547323542412fe | fc9af8d689380a7c | supported | 2026-07-30
Overload.phase_trichotomy | d28d32ba2bd94714 | b9947d5b102bd2f8 | c7916eba7122f42d | supported | 2026-07-30
Overload.phase_trichotomy_pin | 53dce791ffc73ea6 | f6047e05dc627f31 | 1023843f8f551014 | supported | 2026-07-30
Overload.pipelineAcct | 723589a9424a7a81 | a3a1e9d6ae8e8445 | 43d3ba1542d626e6 | supported | 2026-07-30
Overload.pipeline_replay_envelope | 3c6eabd1628a2722 | f5d09b94a123f2be | abc1265c47c14694 | supported | 2026-07-30
Overload.pipeline_replay_envelope_at_four | de161a6dede15d67 | b7f2063a083d539d | d18303ef34d0bbbd | supported | 2026-07-30
Overload.pipeline_squash_caps_ipc | 6140d43de54beeb4 | f79e8b5431409a8 | 715f28f52c7ef34c | supported | 2026-07-30
Overload.pool_rate_bound | 236dce85ddba4b09 | 977347ff8bae7f15 | 89133354f2041b41 | supported | 2026-07-30
Overload.postfixedPts | 91fd71bb79915acd | 4d0aeaa15ee1a98a | 89133354f2041b41 | supported | 2026-07-30
Overload.prefixedPts | 91fd71bb79915acd | d079ceb5d7c2b2f9 | 89133354f2041b41 | supported | 2026-07-30
Overload.propDiscipline | e1b489109b297bc7 | e486f213ffb03700 | 87e403e5635d953a | supported | 2026-07-30
Overload.propDiscipline_alloc_at_overload | f2aac695cd733a44 | 255c9145eb7e8915 | 9c0481bb5d2f1b1 | supported | 2026-07-30
Overload.propDiscipline_alloc_eq_sharedGoodput | ea89097195ac5eea | 5499333219622452 | a649620d3780f15 | supported | 2026-07-30
Overload.propDiscipline_sum_alloc_at_overload | db09a580f73932fc | ffb06efee5d6a543 | 9c0481bb5d2f1b1 | supported | 2026-07-30
Overload.propDiscipline_sum_alloc_le_at_underload | aa7cc8b2281453b2 | ec9ca9a75eee9c | a2ccb70e230a71d9 | supported | 2026-07-30
Overload.rankOne_certificate_of_pairing_lt | 4e338b4de5d43ae0 | 304b7f7b0ac1ab4 | eee41a575384cd1 | supported | 2026-07-30
Overload.reduction_budget_zero | 337fdc3614472967 | 38c38db61f82fad1 | cbb696ba18a43868 | supported | 2026-07-30
Overload.reduction_forced_failure | 31dca0d10f042729 | ffbf609f484c9efc | 85ff48c012066de4 | supported | 2026-07-30
Overload.reduction_forced_failure_pin | 46c6231ef8f2dfe | 582323d504cd0678 | dcc914274864f73a | supported | 2026-07-30
Overload.reduction_no_retries | 207373b6c1a6f311 | a2bede904d07ae91 | b44c885a33818ae0 | supported | 2026-07-30
Overload.reduction_no_retries_pin | dd2b46ff08d6789b | 3ee6ecc0fa7f5a53 | 248f4a9e0d46cc64 | supported | 2026-07-30
Overload.refinedLabel | fec8984eab819d9d | eae2c5adc01c8429 | 89133354f2041b41 | supported | 2026-07-30
Overload.region1Stack | 6534417419124324 | e51c36a8258ee674 | f0f5bc2f7e64df34 | supported | 2026-07-30
Overload.region2Stack | 6534417419124324 | 879c9b60ddea39ac | f0f5bc2f7e64df34 | supported | 2026-07-30
Overload.residual | 3146ba8e462119c2 | fb9fd92ccbd75587 | 89133354f2041b41 | supported | 2026-07-30
Overload.residual_nonneg | 928cac02027cab18 | e75f65b801d3be11 | 5843043ddc3d3c33 | supported | 2026-07-30
Overload.restrictIcc | b2aadf6e7b7978c6 | 3d73882cafdab3d | 89133354f2041b41 | supported | 2026-07-30
Overload.service_order_at_backlog | 360988730fca0021 | 9fe0b6a99e32e55d | b227f3403828821b | supported | 2026-07-30
Overload.sharedGoodput | bfd16328d4b54a3c | 883b2571efbc378a | 750ef160c0db4438 | supported | 2026-07-30
Overload.shared_budget_breaks_wald | 9b6db4ae9d3371b1 | f57d3af8bfd9934b | 72e537d19307307d | supported | 2026-07-30
Overload.shared_budget_breaks_wald_pin | 6eb22a87a664970a | 8ab428b1d4e2e4b3 | a04c4226a9f8b98a | supported | 2026-07-30
Overload.smoothLoop | 4c9599727a7da4ec | f104cb03428779d9 | 723db0a90d34ab21 | supported | 2026-07-30
Overload.spill_floor_blocks | 950c5929b704cf5 | 2423e6aae0c9891a | 881dec4027cfbf51 | supported | 2026-07-30
Overload.spill_floor_blocks_weights | e0dec18042b3028a | 178f3f4cb0b1b104 | 89133354f2041b41 | supported | 2026-07-30
Overload.stackAmp | 7885310cdd0fc2b6 | bd1ff754159108e | bdf56b5cad23f560 | supported | 2026-07-30
Overload.stackAmp_le_prod_cap | f89a6dfff4ebf595 | 7cb94ecc9481c921 | 5dd4c618ef2230b0 | supported | 2026-07-30
Overload.stackToLoop | 1146c70fc239e167 | 5ba13b4bcf9f239a | 1ba0ad199c22f95 | supported | 2026-07-30
Overload.starWitness | e9568353f16ad92d | 619f5643154e87d2 | 4324dcf3de1875f4 | supported | 2026-07-30
Overload.stationaryWeight | ec9f9acda533a400 | 9c5acdce4917fe76 | 89133354f2041b41 | supported | 2026-07-30
Overload.stationaryWeight_half_pin | d128ddb17f275054 | 3d6dc96fa0a433e3 | 6a906aef094e9ff5 | supported | 2026-07-30
Overload.stationaryWeight_nonneg | ed73f37ae864dc37 | f4d57a0bab50c5d1 | 1ae6f9ae7774d497 | supported | 2026-07-30
Overload.stationaryWeight_succ | 7d54703fadaa1379 | 69dd7b6a2cc90399 | 1ae6f9ae7774d497 | supported | 2026-07-30
Overload.stationaryWeight_unique | f1e19de8ddfaa219 | 9323bd2e663825ab | 1ae6f9ae7774d497 | supported | 2026-07-30
Overload.stationaryWeight_zero | 964923f402e6a34c | 5279f74038cd5448 | 1ae6f9ae7774d497 | supported | 2026-07-30
Overload.stepKernel | bd4ab2bf05974ad0 | 6ba26d9c60afb26e | 89133354f2041b41 | supported | 2026-07-30
Overload.stepKernel_anti_capacity | 493437e9215589d | 804290d7388c4f6d | 7a785393e191a5ec | supported | 2026-07-30
Overload.stepKernel_mem | 998eb2059514fa50 | fecd87e134b477d0 | 6330ed892791459c | supported | 2026-07-30
Overload.stepKernel_monoOn | 502a436500dd9b15 | de616ecadae2cef | 7a785393e191a5ec | supported | 2026-07-30
Overload.stepKernel_of_ge | 4bb8ba4a310239e2 | df53a419f4e68456 | 6330ed892791459c | supported | 2026-07-30
Overload.stepKernel_of_lt | 43ef4dafd2d05c | 7d65837573fb4ad6 | 6330ed892791459c | supported | 2026-07-30
Overload.stepLoop | 862959180adcfc57 | 6465bf0e0ef7c23a | a814def99465c04a | supported | 2026-07-30
Overload.strictDiscipline | e1b489109b297bc7 | 2b7ab16d7eca1c28 | 9f27c5b8bffea610 | supported | 2026-07-30
Overload.sum_attemptWeight | a6af85acaa945496 | ffb410911487ee6a | 44188454ffec25ad | supported | 2026-07-30
Overload.sum_extendDemand | 318bf9399ec43228 | 55db37c6dbdf4f0a | 2fe40087617724f6 | supported | 2026-07-30
Overload.sum_mul_attemptWeight | 48eb0779d77d44d | 422eb9037f86bfe0 | 63b4432206f00136 | supported | 2026-07-30
Overload.sum_range_add_one | d2e943a11fa39839 | 4a772717780c6cbc | 89133354f2041b41 | supported | 2026-07-30
Overload.sum_range_indicator_lt | 734db11582b3eec1 | 566c7a71cbb03d3 | 89133354f2041b41 | supported | 2026-07-30
Overload.tendsto_expAttempts_geom_bound | 9754ca1a42cbeeaf | a59fd6633b1c6432 | bdf56b5cad23f560 | supported | 2026-07-30
Overload.tendsto_expAttempts_geom_bound_pin | ef5ef833acc0b5fb | f3e09391aaddf1fd | c4778e4a546d0862 | supported | 2026-07-30
Overload.tendsto_meanQueue_atTop | b259cd7cdcf7d172 | 685d1936d211124b | ac297b52feed0e01 | supported | 2026-07-30
Overload.tendsto_pred_div | 6227497f24c2e536 | 7463ddf8997bd0f6 | 89133354f2041b41 | supported | 2026-07-30
Overload.tendsto_succ_div | 2a988d5eaf73243a | 2b64752791cc2f3e | 89133354f2041b41 | supported | 2026-07-30
Overload.thrashingAcct | 723589a9424a7a81 | c817af544c3769bb | 43d3ba1542d626e6 | supported | 2026-07-30
Overload.thrashing_waste_caps_goodput | e9436ebf6b8ece1f | 4f37d50657adc310 | 37e7439ffead6da3 | supported | 2026-07-30
Overload.top_class_isolation | e3b4f4d4ec5e1b9c | 4eacaf0a9ff3573d | 893658f4df168c0b | supported | 2026-07-30
Overload.totalTime | 9510906eec2b96aa | 23fb80ae4ef31422 | 89133354f2041b41 | supported | 2026-07-30
Overload.totalTime_const_succ | dcee15bd8a34e190 | d6f9b559700c18ab | b7bdbd1a707fd126 | supported | 2026-07-30
Overload.totalTime_mono_T | 6c00be380dc9af69 | a7822768ac807d69 | b7bdbd1a707fd126 | supported | 2026-07-30
Overload.totalTime_zero | 96fad118c359c642 | a69524dc99fe4ce8 | b7bdbd1a707fd126 | supported | 2026-07-30
Overload.tsum_stationaryWeight | f0639f8ce12db5a3 | 5a5e896d2fa66b2 | 8f925209e2489c1d | supported | 2026-07-30
Overload.twoLayer_cap | deffe4f17afa184f | 1716eec70305612a | 89133354f2041b41 | supported | 2026-07-30
Overload.twoLayer_mem | 7f0c729f13831b8 | 209d74fadb70a645 | 89133354f2041b41 | supported | 2026-07-30
Overload.twoReqTotal | 21ddbea1b2d999b1 | 66902fe1aa4b57ec | 89133354f2041b41 | supported | 2026-07-30
Overload.twoReqTotal_indep | b96cd89e2849f479 | 2f9b27342d49db29 | 530ed398bfd2cd5d | supported | 2026-07-30
Overload.two_site_certificate_iff | 972518b340983760 | 722b961b70a4f5c3 | 26ce5c397041fccf | supported | 2026-07-30
Overload.two_site_equilibrium_exists | cdff3d5174038f26 | 437a01332f6ef35b | c70f27b861aa4fd3 | supported | 2026-07-30
Overload.two_site_equilibrium_exists_pin | 19f7e030eb622060 | 408acd73b2756f92 | 684da0cae907670b | supported | 2026-07-30
Overload.uniform_congested_closedForm | 40ad507a0478d773 | 2ba656898767c77f | 89133354f2041b41 | supported | 2026-07-30
Overload.uniform_congested_closedForm_pin | d3693ee8cffdcbf6 | 51ff98b552ac838d | 3431fd443ad6fa9d | supported | 2026-07-30
Overload.uniform_wald_product_eq | 95b74596004f6ee6 | 7959b65fa787a11e | b04d25184d6a8d6b | supported | 2026-07-30
Overload.unitPath | dafc42585a7d957 | c3702d0a4278383 | b4db8cd6ec957897 | supported | 2026-07-30
Overload.unitPath_H1 | 8b6077814b02ca52 | a555dc73549ee3fd | fdbab939d0db23fa | supported | 2026-07-30
Overload.unitPath_H2 | 9d8bccc5d2e5303f | 310417d0a60d1a0e | 86b1174bf20d05f8 | supported | 2026-07-30
Overload.unitPath_H3 | 1bbaf8414d656994 | 27ca4e8edc04b110 | ba70e58ba7723d2d | supported | 2026-07-30
Overload.unitPath_W_nonneg | 9c1194d5f6ffb958 | 89aa95adc61dfa5c | 6186137775f85f59 | supported | 2026-07-30
Overload.unitPath_sojournSum | de48875fc08896a4 | 6dda82ef89eb712f | ce7769de5db680c | supported | 2026-07-30
Overload.vector_goodput_bound | 48fc5371c120bf50 | 636ff969c7164b3a | 89133354f2041b41 | supported | 2026-07-30
Overload.vector_goodput_bound_at_hop | 24677cbe304c6381 | 53892759599426a9 | 6998e2ab36376baa | supported | 2026-07-30
Overload.wald_bounded | a680f4ce8919be6d | a5202f9a6db04989 | b9182857c4325b08 | supported | 2026-07-30
Overload.wald_bounded_pin | c1ec4555a96a5ac3 | efc3375aa584d1d4 | a51e06579693a2e1 | supported | 2026-07-30
Overload.witnessFacts | 253c51d8c6662f51 | 7e0db7ff39c116ff | 6cf1384db3cf6248 | supported | 2026-07-30
